
Microsoft Visual Studio Solution File, Format Version 12.00
# Visual Studio Version 17
VisualStudioVersion = 17.4.33122.133
MinimumVisualStudioVersion = 10.0.40219.1
Project("{9A19103F-16F7-4668-BE54-9A1E7A4F7556}") = "Anket", "Anket\Anket.csproj", "{F183688C-20FD-40C0-89EB-A86A08297E81}"
EndProject
Project("{9A19103F-16F7-4668-BE54-9A1E7A4F7556}") = "BasePersonDBService", "BasePersonDBService\BasePersonDBService.csproj", "{2FE57016-E0FC-4C10-8A45-33F6705CA490}"
EndProject
Project("{9A19103F-16F7-4668-BE54-9A1E7A4F7556}") = "DSUContextDBService", "DSUContextDBService\DSUContextDBService.csproj", "{EC657ED4-9820-4933-A7D1-3EFE1BBDF57B}"
EndProject
Project("{FAE04EC0-301F-11D3-BF4B-00C04F79EFBC}") = "DomainService", "DomainService\DomainService.csproj", "{40706A9E-EDB8-4C84-B97B-89B2C9B7E32F}"
EndProject
Project("{FAE04EC0-301F-11D3-BF4B-00C04F79EFBC}") = "Infrastructure", "Infrastructure\Infrastructure.csproj", "{8E7D59BE-88BB-43B1-B93B-1D18F91D329F}"
EndProject
Global
	GlobalSection(SolutionConfigurationPlatforms) = preSolution
		Debug|Any CPU = Debug|Any CPU
		Release|Any CPU = Release|Any CPU
	EndGlobalSection
	GlobalSection(ProjectConfigurationPlatforms) = postSolution
		{F183688C-20FD-40C0-89EB-A86A08297E81}.Debug|Any CPU.ActiveCfg = Debug|Any CPU
		{F183688C-20FD-40C0-89EB-A86A08297E81}.Debug|Any CPU.Build.0 = Debug|Any CPU
		{F183688C-20FD-40C0-89EB-A86A08297E81}.Release|Any CPU.ActiveCfg = Release|Any CPU
		{F183688C-20FD-40C0-89EB-A86A08297E81}.Release|Any CPU.Build.0 = Release|Any CPU
		{2FE57016-E0FC-4C10-8A45-33F6705CA490}.Debug|Any CPU.ActiveCfg = Debug|Any CPU
		{2FE57016-E0FC-4C10-8A45-33F6705CA490}.Debug|Any CPU.Build.0 = Debug|Any CPU
		{2FE57016-E0FC-4C10-8A45-33F6705CA490}.Release|Any CPU.ActiveCfg = Release|Any CPU
		{2FE57016-E0FC-4C10-8A45-33F6705CA490}.Release|Any CPU.Build.0 = Release|Any CPU
		{EC657ED4-9820-4933-A7D1-3EFE1BBDF57B}.Debug|Any CPU.ActiveCfg = Debug|Any CPU
		{EC657ED4-9820-4933-A7D1-3EFE1BBDF57B}.Debug|Any CPU.Build.0 = Debug|Any CPU
		{EC657ED4-9820-4933-A7D1-3EFE1BBDF57B}.Release|Any CPU.ActiveCfg = Release|Any CPU
		{EC657ED4-9820-4933-A7D1-3EFE1BBDF57B}.Release|Any CPU.Build.0 = Release|Any CPU
		{40706A9E-EDB8-4C84-B97B-89B2C9B7E32F}.Debug|Any CPU.ActiveCfg = Debug|Any CPU
		{40706A9E-EDB8-4C84-B97B-89B2C9B7E32F}.Debug|Any CPU.Build.0 = Debug|Any CPU
		{40706A9E-EDB8-4C84-B97B-89B2C9B7E32F}.Release|Any CPU.ActiveCfg = Release|Any CPU
		{40706A9E-EDB8-4C84-B97B-89B2C9B7E32F}.Release|Any CPU.Build.0 = Release|Any CPU
		{8E7D59BE-88BB-43B1-B93B-1D18F91D329F}.Debug|Any CPU.ActiveCfg = Debug|Any CPU
		{8E7D59BE-88BB-43B1-B93B-1D18F91D329F}.Debug|Any CPU.Build.0 = Debug|Any CPU
		{8E7D59BE-88BB-43B1-B93B-1D18F91D329F}.Release|Any CPU.ActiveCfg = Release|Any CPU
		{8E7D59BE-88BB-43B1-B93B-1D18F91D329F}.Release|Any CPU.Build.0 = Release|Any CPU
	EndGlobalSection
	GlobalSection(SolutionProperties) = preSolution
		HideSolutionNode = FALSE
	EndGlobalSection
	GlobalSection(ExtensibilityGlobals) = postSolution
		SolutionGuid = {FA82BFC6-13CA-4D2B-83C6-A06F4ACF55E1}
	EndGlobalSection
EndGlobal
